
Microsoft Visual Studio Solution File, Format Version 12.00
# Visual Studio Version 16
VisualStudioVersion = 16.0.31702.278
MinimumVisualStudioVersion = 10.0.40219.1
Project("{FAE04EC0-301F-11D3-BF4B-00C04F79EFBC}") = "MCV", "MCV.csproj", "{047689D8-0590-43A9-8794-5CA1AF9DCACE}"
EndProject
Global
	GlobalSection(SolutionConfigurationPlatforms) = preSolution
		Debug|Any CPU = Debug|Any CPU
		Release|Any CPU = Release|Any CPU
	EndGlobalSection
	GlobalSection(ProjectConfigurationPlatforms) = postSolution
		{047689D8-0590-43A9-8794-5CA1AF9DCACE}.Debug|Any CPU.ActiveCfg = Debug|Any CPU
		{047689D8-0590-43A9-8794-5CA1AF9DCACE}.Debug|Any CPU.Build.0 = Debug|Any CPU
		{047689D8-0590-43A9-8794-5CA1AF9DCACE}.Release|Any CPU.ActiveCfg = Release|Any CPU
		{047689D8-0590-43A9-8794-5CA1AF9DCACE}.Release|Any CPU.Build.0 = Release|Any CPU
	EndGlobalSection
	GlobalSection(SolutionProperties) = preSolution
		HideSolutionNode = FALSE
	EndGlobalSection
	GlobalSection(ExtensibilityGlobals) = postSolution
		SolutionGuid = {B5CBB0DE-45D2-4F3A-8ECB-226047D7D26B}
	EndGlobalSection
EndGlobal
